
Microsoft Visual Studio Solution File, Format Version 12.00
# Visual Studio Version 17
VisualStudioVersion = 17.8.34330.188
MinimumVisualStudioVersion = 10.0.40219.1
Project("{9A19103F-16F7-4668-BE54-9A1E7A4F7556}") = "TodoList", "TodoList\TodoList.csproj", "{15AA9F29-876A-4317-B416-481FEF823560}"
EndProject
Project("{9A19103F-16F7-4668-BE54-9A1E7A4F7556}") = "Calculator", "Calculator\Calculator.csproj", "{F010AEF8-A3EA-425B-8C46-44645D7B080E}"
EndProject
Project("{9A19103F-16F7-4668-BE54-9A1E7A4F7556}") = "Variables", "Variables\Variables.csproj", "{9B2C7CE9-3FEF-4650-A9C2-C5CAA4B78A26}"
EndProject
Project("{9A19103F-16F7-4668-BE54-9A1E7A4F7556}") = "Operators", "Operators\Operators.csproj", "{E144794F-4F11-4BB7-BB3B-4EC5AF8BE2CF}"
EndProject
Project("{9A19103F-16F7-4668-BE54-9A1E7A4F7556}") = "ControlFlow", "ControlFlow\ControlFlow.csproj", "{A53C3138-E872-44AF-A1FF-922B3048D473}"
EndProject
Project("{9A19103F-16F7-4668-BE54-9A1E7A4F7556}") = "Methods", "Methods\Methods.csproj", "{1982C43E-5A94-447A-B6AD-3A283446E6CB}"
EndProject
Project("{9A19103F-16F7-4668-BE54-9A1E7A4F7556}") = "Parsing", "Parsing\Parsing.csproj", "{A26B9F8A-8CFF-40AD-9284-CB8D1132951D}"
EndProject
Project("{9A19103F-16F7-4668-BE54-9A1E7A4F7556}") = "StringInterpolation", "StringInterpolation\StringInterpolation.csproj", "{63871ACB-EAA6-41EE-A48B-5B9898A54139}"
EndProject
Project("{9A19103F-16F7-4668-BE54-9A1E7A4F7556}") = "SwitchStatement", "SwitchStatement\SwitchStatement.csproj", "{1B03DEB9-8472-440B-A6C9-71C25F27B7A1}"
EndProject
Project("{9A19103F-16F7-4668-BE54-9A1E7A4F7556}") = "WhileLoop", "WhileLoop\WhileLoop.csproj", "{E558D0F0-99EF-416B-ABEC-61F94C85CE42}"
EndProject
Project("{9A19103F-16F7-4668-BE54-9A1E7A4F7556}") = "ForLoop", "ForLoop\ForLoop.csproj", "{C4EEF494-C50B-45FB-9EB1-F0231A55EB2B}"
EndProject
Project("{9A19103F-16F7-4668-BE54-9A1E7A4F7556}") = "Arrays", "Arrays\Arrays.csproj", "{A25E2804-60DB-429B-9BCF-487D71BD40D7}"
EndProject
Project("{FAE04EC0-301F-11D3-BF4B-00C04F79EFBC}") = "Lists", "Lists\Lists.csproj", "{63A31425-A919-490B-958B-B3BA66A0D856}"
EndProject
Global
	GlobalSection(SolutionConfigurationPlatforms) = preSolution
		Debug|Any CPU = Debug|Any CPU
		Release|Any CPU = Release|Any CPU
	EndGlobalSection
	GlobalSection(ProjectConfigurationPlatforms) = postSolution
		{15AA9F29-876A-4317-B416-481FEF823560}.Debug|Any CPU.ActiveCfg = Debug|Any CPU
		{15AA9F29-876A-4317-B416-481FEF823560}.Debug|Any CPU.Build.0 = Debug|Any CPU
		{15AA9F29-876A-4317-B416-481FEF823560}.Release|Any CPU.ActiveCfg = Release|Any CPU
		{15AA9F29-876A-4317-B416-481FEF823560}.Release|Any CPU.Build.0 = Release|Any CPU
		{F010AEF8-A3EA-425B-8C46-44645D7B080E}.Debug|Any CPU.ActiveCfg = Debug|Any CPU
		{F010AEF8-A3EA-425B-8C46-44645D7B080E}.Debug|Any CPU.Build.0 = Debug|Any CPU
		{F010AEF8-A3EA-425B-8C46-44645D7B080E}.Release|Any CPU.ActiveCfg = Release|Any CPU
		{F010AEF8-A3EA-425B-8C46-44645D7B080E}.Release|Any CPU.Build.0 = Release|Any CPU
		{9B2C7CE9-3FEF-4650-A9C2-C5CAA4B78A26}.Debug|Any CPU.ActiveCfg = Debug|Any CPU
		{9B2C7CE9-3FEF-4650-A9C2-C5CAA4B78A26}.Debug|Any CPU.Build.0 = Debug|Any CPU
		{9B2C7CE9-3FEF-4650-A9C2-C5CAA4B78A26}.Release|Any CPU.ActiveCfg = Release|Any CPU
		{9B2C7CE9-3FEF-4650-A9C2-C5CAA4B78A26}.Release|Any CPU.Build.0 = Release|Any CPU
		{E144794F-4F11-4BB7-BB3B-4EC5AF8BE2CF}.Debug|Any CPU.ActiveCfg = Debug|Any CPU
		{E144794F-4F11-4BB7-BB3B-4EC5AF8BE2CF}.Debug|Any CPU.Build.0 = Debug|Any CPU
		{E144794F-4F11-4BB7-BB3B-4EC5AF8BE2CF}.Release|Any CPU.ActiveCfg = Release|Any CPU
		{E144794F-4F11-4BB7-BB3B-4EC5AF8BE2CF}.Release|Any CPU.Build.0 = Release|Any CPU
		{A53C3138-E872-44AF-A1FF-922B3048D473}.Debug|Any CPU.ActiveCfg = Debug|Any CPU
		{A53C3138-E872-44AF-A1FF-922B3048D473}.Debug|Any CPU.Build.0 = Debug|Any CPU
		{A53C3138-E872-44AF-A1FF-922B3048D473}.Release|Any CPU.ActiveCfg = Release|Any CPU
		{A53C3138-E872-44AF-A1FF-922B3048D473}.Release|Any CPU.Build.0 = Release|Any CPU
		{1982C43E-5A94-447A-B6AD-3A283446E6CB}.Debug|Any CPU.ActiveCfg = Debug|Any CPU
		{1982C43E-5A94-447A-B6AD-3A283446E6CB}.Debug|Any CPU.Build.0 = Debug|Any CPU
		{1982C43E-5A94-447A-B6AD-3A283446E6CB}.Release|Any CPU.ActiveCfg = Release|Any CPU
		{1982C43E-5A94-447A-B6AD-3A283446E6CB}.Release|Any CPU.Build.0 = Release|Any CPU
		{A26B9F8A-8CFF-40AD-9284-CB8D1132951D}.Debug|Any CPU.ActiveCfg = Debug|Any CPU
		{A26B9F8A-8CFF-40AD-9284-CB8D1132951D}.Debug|Any CPU.Build.0 = Debug|Any CPU
		{A26B9F8A-8CFF-40AD-9284-CB8D1132951D}.Release|Any CPU.ActiveCfg = Release|Any CPU
		{A26B9F8A-8CFF-40AD-9284-CB8D1132951D}.Release|Any CPU.Build.0 = Release|Any CPU
		{63871ACB-EAA6-41EE-A48B-5B9898A54139}.Debug|Any CPU.ActiveCfg = Debug|Any CPU
		{63871ACB-EAA6-41EE-A48B-5B9898A54139}.Debug|Any CPU.Build.0 = Debug|Any CPU
		{63871ACB-EAA6-41EE-A48B-5B9898A54139}.Release|Any CPU.ActiveCfg = Release|Any CPU
		{63871ACB-EAA6-41EE-A48B-5B9898A54139}.Release|Any CPU.Build.0 = Release|Any CPU
		{1B03DEB9-8472-440B-A6C9-71C25F27B7A1}.Debug|Any CPU.ActiveCfg = Debug|Any CPU
		{1B03DEB9-8472-440B-A6C9-71C25F27B7A1}.Debug|Any CPU.Build.0 = Debug|Any CPU
		{1B03DEB9-8472-440B-A6C9-71C25F27B7A1}.Release|Any CPU.ActiveCfg = Release|Any CPU
		{1B03DEB9-8472-440B-A6C9-71C25F27B7A1}.Release|Any CPU.Build.0 = Release|Any CPU
		{E558D0F0-99EF-416B-ABEC-61F94C85CE42}.Debug|Any CPU.ActiveCfg = Debug|Any CPU
		{E558D0F0-99EF-416B-ABEC-61F94C85CE42}.Debug|Any CPU.Build.0 = Debug|Any CPU
		{E558D0F0-99EF-416B-ABEC-61F94C85CE42}.Release|Any CPU.ActiveCfg = Release|Any CPU
		{E558D0F0-99EF-416B-ABEC-61F94C85CE42}.Release|Any CPU.Build.0 = Release|Any CPU
		{C4EEF494-C50B-45FB-9EB1-F0231A55EB2B}.Debug|Any CPU.ActiveCfg = Debug|Any CPU
		{C4EEF494-C50B-45FB-9EB1-F0231A55EB2B}.Debug|Any CPU.Build.0 = Debug|Any CPU
		{C4EEF494-C50B-45FB-9EB1-F0231A55EB2B}.Release|Any CPU.ActiveCfg = Release|Any CPU
		{C4EEF494-C50B-45FB-9EB1-F0231A55EB2B}.Release|Any CPU.Build.0 = Release|Any CPU
		{A25E2804-60DB-429B-9BCF-487D71BD40D7}.Debug|Any CPU.ActiveCfg = Debug|Any CPU
		{A25E2804-60DB-429B-9BCF-487D71BD40D7}.Debug|Any CPU.Build.0 = Debug|Any CPU
		{A25E2804-60DB-429B-9BCF-487D71BD40D7}.Release|Any CPU.ActiveCfg = Release|Any CPU
		{A25E2804-60DB-429B-9BCF-487D71BD40D7}.Release|Any CPU.Build.0 = Release|Any CPU
		{63A31425-A919-490B-958B-B3BA66A0D856}.Debug|Any CPU.ActiveCfg = Debug|Any CPU
		{63A31425-A919-490B-958B-B3BA66A0D856}.Debug|Any CPU.Build.0 = Debug|Any CPU
		{63A31425-A919-490B-958B-B3BA66A0D856}.Release|Any CPU.ActiveCfg = Release|Any CPU
		{63A31425-A919-490B-958B-B3BA66A0D856}.Release|Any CPU.Build.0 = Release|Any CPU
	EndGlobalSection
	GlobalSection(SolutionProperties) = preSolution
		HideSolutionNode = FALSE
	EndGlobalSection
	GlobalSection(ExtensibilityGlobals) = postSolution
		SolutionGuid = {E2BA7992-29B8-40F1-8AD1-EF95918C4B41}
	EndGlobalSection
EndGlobal
